// !$*UTF8*$!
{
	archiveVersion = 1;
	classes = {
	};
	objectVersion = 77;
	objects = {

/* Begin PBXBuildFile section */
		AA41E0932DA291B8000D4D4F /* Hummingbird in Frameworks */ = {isa = PBXBuildFile; productRef = AA41E0922DA291B8000D4D4F /* Hummingbird */; };
		AA41E0952DA291B8000D4D4F /* HummingbirdCore in Frameworks */ = {isa = PBXBuildFile; productRef = AA41E0942DA291B8000D4D4F /* HummingbirdCore */; };
		AA41E0972DA291B8000D4D4F /* HummingbirdHTTP2 in Frameworks */ = {isa = PBXBuildFile; productRef = AA41E0962DA291B8000D4D4F /* HummingbirdHTTP2 */; };
		AA41E0992DA291B8000D4D4F /* HummingbirdRouter in Frameworks */ = {isa = PBXBuildFile; productRef = AA41E0982DA291B8000D4D4F /* HummingbirdRouter */; };
		AA41E09B2DA291B8000D4D4F /* HummingbirdTLS in Frameworks */ = {isa = PBXBuildFile; productRef = AA41E09A2DA291B8000D4D4F /* HummingbirdTLS */; };
		AA41E09E2DA291EF000D4D4F /* HummingbirdWSClient in Frameworks */ = {isa = PBXBuildFile; productRef = AA41E09D2DA291EF000D4D4F /* HummingbirdWSClient */; };
		AA41E0A02DA291EF000D4D4F /* HummingbirdWSCompression in Frameworks */ = {isa = PBXBuildFile; productRef = AA41E09F2DA291EF000D4D4F /* HummingbirdWSCompression */; };
		AA41E0A22DA291EF000D4D4F /* HummingbirdWebSocket in Frameworks */ = {isa = PBXBuildFile; productRef = AA41E0A12DA291EF000D4D4F /* HummingbirdWebSocket */; };
/* End PBXBuildFile section */

/* Begin PBXContainerItemProxy section */
		AA41E0752DA28E6F000D4D4F /* PBXContainerItemProxy */ = {
			isa = PBXContainerItemProxy;
			containerPortal = AA41E0592DA28E6D000D4D4F /* Project object */;
			proxyType = 1;
			remoteGlobalIDString = AA41E0602DA28E6D000D4D4F;
			remoteInfo = websocket;
		};
		AA41E07F2DA28E6F000D4D4F /* PBXContainerItemProxy */ = {
			isa = PBXContainerItemProxy;
			containerPortal = AA41E0592DA28E6D000D4D4F /* Project object */;
			proxyType = 1;
			remoteGlobalIDString = AA41E0602DA28E6D000D4D4F;
			remoteInfo = websocket;
		};
/* End PBXContainerItemProxy section */

/* Begin PBXFileReference section */
		AA41E0612DA28E6D000D4D4F /* websocket.app */ = {isa = PBXFileReference; explicitFileType = wrapper.application; includeInIndex = 0; path = websocket.app; sourceTree = BUILT_PRODUCTS_DIR; };
		AA41E0742DA28E6F000D4D4F /* websocketTests.xctest */ = {isa = PBXFileReference; explicitFileType = wrapper.cfbundle; includeInIndex = 0; path = websocketTests.xctest; sourceTree = BUILT_PRODUCTS_DIR; };
		AA41E07E2DA28E6F000D4D4F /* websocketUITests.xctest */ = {isa = PBXFileReference; explicitFileType = wrapper.cfbundle; includeInIndex = 0; path = websocketUITests.xctest; sourceTree = BUILT_PRODUCTS_DIR; };
/* End PBXFileReference section */

/* Begin PBXFileSystemSynchronizedRootGroup section */
		AA41E0632DA28E6D000D4D4F /* websocket */ = {
			isa = PBXFileSystemSynchronizedRootGroup;
			path = websocket;
			sourceTree = "<group>";
		};
		AA41E0772DA28E6F000D4D4F /* websocketTests */ = {
			isa = PBXFileSystemSynchronizedRootGroup;
			path = websocketTests;
			sourceTree = "<group>";
		};
		AA41E0812DA28E6F000D4D4F /* websocketUITests */ = {
			isa = PBXFileSystemSynchronizedRootGroup;
			path = websocketUITests;
			sourceTree = "<group>";
		};
/* End PBXFileSystemSynchronizedRootGroup section */

/* Begin PBXFrameworksBuildPhase section */
		AA41E05E2DA28E6D000D4D4F /* Frameworks */ = {
			isa = PBXFrameworksBuildPhase;
			buildActionMask = 2147483647;
			files = (
				AA41E09E2DA291EF000D4D4F /* HummingbirdWSClient in Frameworks */,
				AA41E0A22DA291EF000D4D4F /* HummingbirdWebSocket in Frameworks */,
				AA41E0992DA291B8000D4D4F /* HummingbirdRouter in Frameworks */,
				AA41E0952DA291B8000D4D4F /* HummingbirdCore in Frameworks */,
				AA41E0972DA291B8000D4D4F /* HummingbirdHTTP2 in Frameworks */,
				AA41E0932DA291B8000D4D4F /* Hummingbird in Frameworks */,
				AA41E09B2DA291B8000D4D4F /* HummingbirdTLS in Frameworks */,
				AA41E0A02DA291EF000D4D4F /* HummingbirdWSCompression in Frameworks */,
			);
			runOnlyForDeploymentPostprocessing = 0;
		};
		AA41E0712DA28E6F000D4D4F /* Frameworks */ = {
			isa = PBXFrameworksBuildPhase;
			buildActionMask = 2147483647;
			files = (
			);
			runOnlyForDeploymentPostprocessing = 0;
		};
		AA41E07B2DA28E6F000D4D4F /* Frameworks */ = {
			isa = PBXFrameworksBuildPhase;
			buildActionMask = 2147483647;
			files = (
			);
			runOnlyForDeploymentPostprocessing = 0;
		};
/* End PBXFrameworksBuildPhase section */

/* Begin PBXGroup section */
		AA41E0582DA28E6D000D4D4F = {
			isa = PBXGroup;
			children = (
				AA41E0632DA28E6D000D4D4F /* websocket */,
				AA41E0772DA28E6F000D4D4F /* websocketTests */,
				AA41E0812DA28E6F000D4D4F /* websocketUITests */,
				AA41E0622DA28E6D000D4D4F /* Products */,
			);
			sourceTree = "<group>";
		};
		AA41E0622DA28E6D000D4D4F /* Products */ = {
			isa = PBXGroup;
			children = (
				AA41E0612DA28E6D000D4D4F /* websocket.app */,
				AA41E0742DA28E6F000D4D4F /* websocketTests.xctest */,
				AA41E07E2DA28E6F000D4D4F /* websocketUITests.xctest */,
			);
			name = Products;
			sourceTree = "<group>";
		};
/* End PBXGroup section */

/* Begin PBXNativeTarget section */
		AA41E0602DA28E6D000D4D4F /* websocket */ = {
			isa = PBXNativeTarget;
			buildConfigurationList = AA41E0882DA28E6F000D4D4F /* Build configuration list for PBXNativeTarget "websocket" */;
			buildPhases = (
				AA41E05D2DA28E6D000D4D4F /* Sources */,
				AA41E05E2DA28E6D000D4D4F /* Frameworks */,
				AA41E05F2DA28E6D000D4D4F /* Resources */,
			);
			buildRules = (
			);
			dependencies = (
			);
			fileSystemSynchronizedGroups = (
				AA41E0632DA28E6D000D4D4F /* websocket */,
			);
			name = websocket;
			packageProductDependencies = (
				AA41E0922DA291B8000D4D4F /* Hummingbird */,
				AA41E0942DA291B8000D4D4F /* HummingbirdCore */,
				AA41E0962DA291B8000D4D4F /* HummingbirdHTTP2 */,
				AA41E0982DA291B8000D4D4F /* HummingbirdRouter */,
				AA41E09A2DA291B8000D4D4F /* HummingbirdTLS */,
				AA41E09D2DA291EF000D4D4F /* HummingbirdWSClient */,
				AA41E09F2DA291EF000D4D4F /* HummingbirdWSCompression */,
				AA41E0A12DA291EF000D4D4F /* HummingbirdWebSocket */,
			);
			productName = websocket;
			productReference = AA41E0612DA28E6D000D4D4F /* websocket.app */;
			productType = "com.apple.product-type.application";
		};
		AA41E0732DA28E6F000D4D4F /* websocketTests */ = {
			isa = PBXNativeTarget;
			buildConfigurationList = AA41E08B2DA28E6F000D4D4F /* Build configuration list for PBXNativeTarget "websocketTests" */;
			buildPhases = (
				AA41E0702DA28E6F000D4D4F /* Sources */,
				AA41E0712DA28E6F000D4D4F /* Frameworks */,
				AA41E0722DA28E6F000D4D4F /* Resources */,
			);
			buildRules = (
			);
			dependencies = (
				AA41E0762DA28E6F000D4D4F /* PBXTargetDependency */,
			);
			fileSystemSynchronizedGroups = (
				AA41E0772DA28E6F000D4D4F /* websocketTests */,
			);
			name = websocketTests;
			packageProductDependencies = (
			);
			productName = websocketTests;
			productReference = AA41E0742DA28E6F000D4D4F /* websocketTests.xctest */;
			productType = "com.apple.product-type.bundle.unit-test";
		};
		AA41E07D2DA28E6F000D4D4F /* websocketUITests */ = {
			isa = PBXNativeTarget;
			buildConfigurationList = AA41E08E2DA28E6F000D4D4F /* Build configuration list for PBXNativeTarget "websocketUITests" */;
			buildPhases = (
				AA41E07A2DA28E6F000D4D4F /* Sources */,
				AA41E07B2DA28E6F000D4D4F /* Frameworks */,
				AA41E07C2DA28E6F000D4D4F /* Resources */,
			);
			buildRules = (
			);
			dependencies = (
				AA41E0802DA28E6F000D4D4F /* PBXTargetDependency */,
			);
			fileSystemSynchronizedGroups = (
				AA41E0812DA28E6F000D4D4F /* websocketUITests */,
			);
			name = websocketUITests;
			packageProductDependencies = (
			);
			productName = websocketUITests;
			productReference = AA41E07E2DA28E6F000D4D4F /* websocketUITests.xctest */;
			productType = "com.apple.product-type.bundle.ui-testing";
		};
/* End PBXNativeTarget section */

/* Begin PBXProject section */
		AA41E0592DA28E6D000D4D4F /* Project object */ = {
			isa = PBXProject;
			attributes = {
				BuildIndependentTargetsInParallel = 1;
				LastSwiftUpdateCheck = 1620;
				LastUpgradeCheck = 1620;
				TargetAttributes = {
					AA41E0602DA28E6D000D4D4F = {
						CreatedOnToolsVersion = 16.2;
					};
					AA41E0732DA28E6F000D4D4F = {
						CreatedOnToolsVersion = 16.2;
						TestTargetID = AA41E0602DA28E6D000D4D4F;
					};
					AA41E07D2DA28E6F000D4D4F = {
						CreatedOnToolsVersion = 16.2;
						TestTargetID = AA41E0602DA28E6D000D4D4F;
					};
				};
			};
			buildConfigurationList = AA41E05C2DA28E6D000D4D4F /* Build configuration list for PBXProject "websocket" */;
			developmentRegion = en;
			hasScannedForEncodings = 0;
			knownRegions = (
				en,
				Base,
			);
			mainGroup = AA41E0582DA28E6D000D4D4F;
			minimizedProjectReferenceProxies = 1;
			packageReferences = (
				AA41E0912DA291B8000D4D4F /* XCRemoteSwiftPackageReference "hummingbird" */,
				AA41E09C2DA291EF000D4D4F /* XCRemoteSwiftPackageReference "hummingbird-websocket" */,
			);
			preferredProjectObjectVersion = 77;
			productRefGroup = AA41E0622DA28E6D000D4D4F /* Products */;
			projectDirPath = "";
			projectRoot = "";
			targets = (
				AA41E0602DA28E6D000D4D4F /* websocket */,
				AA41E0732DA28E6F000D4D4F /* websocketTests */,
				AA41E07D2DA28E6F000D4D4F /* websocketUITests */,
			);
		};
/* End PBXProject section */

/* Begin PBXResourcesBuildPhase section */
		AA41E05F2DA28E6D000D4D4F /* Resources */ = {
			isa = PBXResourcesBuildPhase;
			buildActionMask = 2147483647;
			files = (
			);
			runOnlyForDeploymentPostprocessing = 0;
		};
		AA41E0722DA28E6F000D4D4F /* Resources */ = {
			isa = PBXResourcesBuildPhase;
			buildActionMask = 2147483647;
			files = (
			);
			runOnlyForDeploymentPostprocessing = 0;
		};
		AA41E07C2DA28E6F000D4D4F /* Resources */ = {
			isa = PBXResourcesBuildPhase;
			buildActionMask = 2147483647;
			files = (
			);
			runOnlyForDeploymentPostprocessing = 0;
		};
/* End PBXResourcesBuildPhase section */

/* Begin PBXSourcesBuildPhase section */
		AA41E05D2DA28E6D000D4D4F /* Sources */ = {
			isa = PBXSourcesBuildPhase;
			buildActionMask = 2147483647;
			files = (
			);
			runOnlyForDeploymentPostprocessing = 0;
		};
		AA41E0702DA28E6F000D4D4F /* Sources */ = {
			isa = PBXSourcesBuildPhase;
			buildActionMask = 2147483647;
			files = (
			);
			runOnlyForDeploymentPostprocessing = 0;
		};
		AA41E07A2DA28E6F000D4D4F /* Sources */ = {
			isa = PBXSourcesBuildPhase;
			buildActionMask = 2147483647;
			files = (
			);
			runOnlyForDeploymentPostprocessing = 0;
		};
/* End PBXSourcesBuildPhase section */

/* Begin PBXTargetDependency section */
		AA41E0762DA28E6F000D4D4F /* PBXTargetDependency */ = {
			isa = PBXTargetDependency;
			target = AA41E0602DA28E6D000D4D4F /* websocket */;
			targetProxy = AA41E0752DA28E6F000D4D4F /* PBXContainerItemProxy */;
		};
		AA41E0802DA28E6F000D4D4F /* PBXTargetDependency */ = {
			isa = PBXTargetDependency;
			target = AA41E0602DA28E6D000D4D4F /* websocket */;
			targetProxy = AA41E07F2DA28E6F000D4D4F /* PBXContainerItemProxy */;
		};
/* End PBXTargetDependency section */

/* Begin XCBuildConfiguration section */
		AA41E0862DA28E6F000D4D4F /* Debug */ = {
			isa = XCBuildConfiguration;
			buildSettings = {
				ALWAYS_SEARCH_USER_PATHS = NO;
				ASSETCATALOG_COMPILER_GENERATE_SWIFT_ASSET_SYMBOL_EXTENSIONS = YES;
				CLANG_ANALYZER_NONNULL = YES;
				CLANG_ANALYZER_NUMBER_OBJECT_CONVERSION = YES_AGGRESSIVE;
				CLANG_CXX_LANGUAGE_STANDARD = "gnu++20";
				CLANG_ENABLE_MODULES = YES;
				CLANG_ENABLE_OBJC_ARC = YES;
				CLANG_ENABLE_OBJC_WEAK = YES;
				CLANG_WARN_BLOCK_CAPTURE_AUTORELEASING = YES;
				CLANG_WARN_BOOL_CONVERSION = YES;
				CLANG_WARN_COMMA = YES;
				CLANG_WARN_CONSTANT_CONVERSION = YES;
				CLANG_WARN_DEPRECATED_OBJC_IMPLEMENTATIONS = YES;
				CLANG_WARN_DIRECT_OBJC_ISA_USAGE = YES_ERROR;
				CLANG_WARN_DOCUMENTATION_COMMENTS = YES;
				CLANG_WARN_EMPTY_BODY = YES;
				CLANG_WARN_ENUM_CONVERSION = YES;
				CLANG_WARN_INFINITE_RECURSION = YES;
				CLANG_WARN_INT_CONVERSION = YES;
				CLANG_WARN_NON_LITERAL_NULL_CONVERSION = YES;
				CLANG_WARN_OBJC_IMPLICIT_RETAIN_SELF = YES;
				CLANG_WARN_OBJC_LITERAL_CONVERSION = YES;
				CLANG_WARN_OBJC_ROOT_CLASS = YES_ERROR;
				CLANG_WARN_QUOTED_INCLUDE_IN_FRAMEWORK_HEADER = YES;
				CLANG_WARN_RANGE_LOOP_ANALYSIS = YES;
				CLANG_WARN_STRICT_PROTOTYPES = YES;
				CLANG_WARN_SUSPICIOUS_MOVE = YES;
				CLANG_WARN_UNGUARDED_AVAILABILITY = YES_AGGRESSIVE;
				CLANG_WARN_UNREACHABLE_CODE = YES;
				CLANG_WARN__DUPLICATE_METHOD_MATCH = YES;
				COPY_PHASE_STRIP = NO;
				DEBUG_INFORMATION_FORMAT = dwarf;
				ENABLE_STRICT_OBJC_MSGSEND = YES;
				ENABLE_TESTABILITY = YES;
				ENABLE_USER_SCRIPT_SANDBOXING = YES;
				GCC_C_LANGUAGE_STANDARD = gnu17;
				GCC_DYNAMIC_NO_PIC = NO;
				GCC_NO_COMMON_BLOCKS = YES;
				GCC_OPTIMIZATION_LEVEL = 0;
				GCC_PREPROCESSOR_DEFINITIONS = (
					"DEBUG=1",
					"$(inherited)",
				);
				GCC_WARN_64_TO_32_BIT_CONVERSION = YES;
				GCC_WARN_ABOUT_RETURN_TYPE = YES_ERROR;
				GCC_WARN_UNDECLARED_SELECTOR = YES;
				GCC_WARN_UNINITIALIZED_AUTOS = YES_AGGRESSIVE;
				GCC_WARN_UNUSED_FUNCTION = YES;
				GCC_WARN_UNUSED_VARIABLE = YES;
				LOCALIZATION_PREFERS_STRING_CATALOGS = YES;
				MACOSX_DEPLOYMENT_TARGET = 14.5;
				MTL_ENABLE_DEBUG_INFO = INCLUDE_SOURCE;
				MTL_FAST_MATH = YES;
				ONLY_ACTIVE_ARCH = YES;
				SDKROOT = macosx;
				SWIFT_ACTIVE_COMPILATION_CONDITIONS = "DEBUG $(inherited)";
				SWIFT_OPTIMIZATION_LEVEL = "-Onone";
			};
			name = Debug;
		};
		AA41E0872DA28E6F000D4D4F /* Release */ = {
			isa = XCBuildConfiguration;
			buildSettings = {
				ALWAYS_SEARCH_USER_PATHS = NO;
				ASSETCATALOG_COMPILER_GENERATE_SWIFT_ASSET_SYMBOL_EXTENSIONS = YES;
				CLANG_ANALYZER_NONNULL = YES;
				CLANG_ANALYZER_NUMBER_OBJECT_CONVERSION = YES_AGGRESSIVE;
				CLANG_CXX_LANGUAGE_STANDARD = "gnu++20";
				CLANG_ENABLE_MODULES = YES;
				CLANG_ENABLE_OBJC_ARC = YES;
				CLANG_ENABLE_OBJC_WEAK = YES;
				CLANG_WARN_BLOCK_CAPTURE_AUTORELEASING = YES;
				CLANG_WARN_BOOL_CONVERSION = YES;
				CLANG_WARN_COMMA = YES;
				CLANG_WARN_CONSTANT_CONVERSION = YES;
				CLANG_WARN_DEPRECATED_OBJC_IMPLEMENTATIONS = YES;
				CLANG_WARN_DIRECT_OBJC_ISA_USAGE = YES_ERROR;
				CLANG_WARN_DOCUMENTATION_COMMENTS = YES;
				CLANG_WARN_EMPTY_BODY = YES;
				CLANG_WARN_ENUM_CONVERSION = YES;
				CLANG_WARN_INFINITE_RECURSION = YES;
				CLANG_WARN_INT_CONVERSION = YES;
				CLANG_WARN_NON_LITERAL_NULL_CONVERSION = YES;
				CLANG_WARN_OBJC_IMPLICIT_RETAIN_SELF = YES;
				CLANG_WARN_OBJC_LITERAL_CONVERSION = YES;
				CLANG_WARN_OBJC_ROOT_CLASS = YES_ERROR;
				CLANG_WARN_QUOTED_INCLUDE_IN_FRAMEWORK_HEADER = YES;
				CLANG_WARN_RANGE_LOOP_ANALYSIS = YES;
				CLANG_WARN_STRICT_PROTOTYPES = YES;
				CLANG_WARN_SUSPICIOUS_MOVE = YES;
				CLANG_WARN_UNGUARDED_AVAILABILITY = YES_AGGRESSIVE;
				CLANG_WARN_UNREACHABLE_CODE = YES;
				CLANG_WARN__DUPLICATE_METHOD_MATCH = YES;
				COPY_PHASE_STRIP = NO;
				DEBUG_INFORMATION_FORMAT = "dwarf-with-dsym";
				ENABLE_NS_ASSERTIONS = NO;
				ENABLE_STRICT_OBJC_MSGSEND = YES;
				ENABLE_USER_SCRIPT_SANDBOXING = YES;
				GCC_C_LANGUAGE_STANDARD = gnu17;
				GCC_NO_COMMON_BLOCKS = YES;
				GCC_WARN_64_TO_32_BIT_CONVERSION = YES;
				GCC_WARN_ABOUT_RETURN_TYPE = YES_ERROR;
				GCC_WARN_UNDECLARED_SELECTOR = YES;
				GCC_WARN_UNINITIALIZED_AUTOS = YES_AGGRESSIVE;
				GCC_WARN_UNUSED_FUNCTION = YES;
				GCC_WARN_UNUSED_VARIABLE = YES;
				LOCALIZATION_PREFERS_STRING_CATALOGS = YES;
				MACOSX_DEPLOYMENT_TARGET = 14.5;
				MTL_ENABLE_DEBUG_INFO = NO;
				MTL_FAST_MATH = YES;
				SDKROOT = macosx;
				SWIFT_COMPILATION_MODE = wholemodule;
			};
			name = Release;
		};
		AA41E0892DA28E6F000D4D4F /* Debug */ = {
			isa = XCBuildConfiguration;
			buildSettings = {
				ASSETCATALOG_COMPILER_APPICON_NAME = AppIcon;
				ASSETCATALOG_COMPILER_GLOBAL_ACCENT_COLOR_NAME = AccentColor;
				CODE_SIGN_ENTITLEMENTS = websocket/websocket.entitlements;
				CODE_SIGN_STYLE = Automatic;
				COMBINE_HIDPI_IMAGES = YES;
				CURRENT_PROJECT_VERSION = 1;
				DEVELOPMENT_ASSET_PATHS = "\"websocket/Preview Content\"";
				DEVELOPMENT_TEAM = YM4ZN89U6L;
				ENABLE_HARDENED_RUNTIME = YES;
				ENABLE_PREVIEWS = YES;
				GENERATE_INFOPLIST_FILE = YES;
				INFOPLIST_KEY_NSHumanReadableCopyright = "";
				LD_RUNPATH_SEARCH_PATHS = (
					"$(inherited)",
					"@executable_path/../Frameworks",
				);
				MACOSX_DEPLOYMENT_TARGET = 14.0;
				MARKETING_VERSION = 1.0;
				PRODUCT_BUNDLE_IDENTIFIER = com.stevezxc.websocket;
				PRODUCT_NAME = "$(TARGET_NAME)";
				SWIFT_EMIT_LOC_STRINGS = YES;
				SWIFT_VERSION = 5.0;
			};
			name = Debug;
		};
		AA41E08A2DA28E6F000D4D4F /* Release */ = {
			isa = XCBuildConfiguration;
			buildSettings = {
				ASSETCATALOG_COMPILER_APPICON_NAME = AppIcon;
				ASSETCATALOG_COMPILER_GLOBAL_ACCENT_COLOR_NAME = AccentColor;
				CODE_SIGN_ENTITLEMENTS = websocket/websocket.entitlements;
				CODE_SIGN_STYLE = Automatic;
				COMBINE_HIDPI_IMAGES = YES;
				CURRENT_PROJECT_VERSION = 1;
				DEVELOPMENT_ASSET_PATHS = "\"websocket/Preview Content\"";
				DEVELOPMENT_TEAM = YM4ZN89U6L;
				ENABLE_HARDENED_RUNTIME = YES;
				ENABLE_PREVIEWS = YES;
				GENERATE_INFOPLIST_FILE = YES;
				INFOPLIST_KEY_NSHumanReadableCopyright = "";
				LD_RUNPATH_SEARCH_PATHS = (
					"$(inherited)",
					"@executable_path/../Frameworks",
				);
				MACOSX_DEPLOYMENT_TARGET = 14.0;
				MARKETING_VERSION = 1.0;
				PRODUCT_BUNDLE_IDENTIFIER = com.stevezxc.websocket;
				PRODUCT_NAME = "$(TARGET_NAME)";
				SWIFT_EMIT_LOC_STRINGS = YES;
				SWIFT_VERSION = 5.0;
			};
			name = Release;
		};
		AA41E08C2DA28E6F000D4D4F /* Debug */ = {
			isa = XCBuildConfiguration;
			buildSettings = {
				BUNDLE_LOADER = "$(TEST_HOST)";
				CODE_SIGN_STYLE = Automatic;
				CURRENT_PROJECT_VERSION = 1;
				DEVELOPMENT_TEAM = YM4ZN89U6L;
				GENERATE_INFOPLIST_FILE = YES;
				MACOSX_DEPLOYMENT_TARGET = 14.0;
				MARKETING_VERSION = 1.0;
				PRODUCT_BUNDLE_IDENTIFIER = com.stevezxc.websocketTests;
				PRODUCT_NAME = "$(TARGET_NAME)";
				SWIFT_EMIT_LOC_STRINGS = NO;
				SWIFT_VERSION = 5.0;
				TEST_HOST = "$(BUILT_PRODUCTS_DIR)/websocket.app/$(BUNDLE_EXECUTABLE_FOLDER_PATH)/websocket";
			};
			name = Debug;
		};
		AA41E08D2DA28E6F000D4D4F /* Release */ = {
			isa = XCBuildConfiguration;
			buildSettings = {
				BUNDLE_LOADER = "$(TEST_HOST)";
				CODE_SIGN_STYLE = Automatic;
				CURRENT_PROJECT_VERSION = 1;
				DEVELOPMENT_TEAM = YM4ZN89U6L;
				GENERATE_INFOPLIST_FILE = YES;
				MACOSX_DEPLOYMENT_TARGET = 14.0;
				MARKETING_VERSION = 1.0;
				PRODUCT_BUNDLE_IDENTIFIER = com.stevezxc.websocketTests;
				PRODUCT_NAME = "$(TARGET_NAME)";
				SWIFT_EMIT_LOC_STRINGS = NO;
				SWIFT_VERSION = 5.0;
				TEST_HOST = "$(BUILT_PRODUCTS_DIR)/websocket.app/$(BUNDLE_EXECUTABLE_FOLDER_PATH)/websocket";
			};
			name = Release;
		};
		AA41E08F2DA28E6F000D4D4F /* Debug */ = {
			isa = XCBuildConfiguration;
			buildSettings = {
				CODE_SIGN_STYLE = Automatic;
				CURRENT_PROJECT_VERSION = 1;
				DEVELOPMENT_TEAM = YM4ZN89U6L;
				GENERATE_INFOPLIST_FILE = YES;
				MARKETING_VERSION = 1.0;
				PRODUCT_BUNDLE_IDENTIFIER = com.stevezxc.websocketUITests;
				PRODUCT_NAME = "$(TARGET_NAME)";
				SWIFT_EMIT_LOC_STRINGS = NO;
				SWIFT_VERSION = 5.0;
				TEST_TARGET_NAME = websocket;
			};
			name = Debug;
		};
		AA41E0902DA28E6F000D4D4F /* Release */ = {
			isa = XCBuildConfiguration;
			buildSettings = {
				CODE_SIGN_STYLE = Automatic;
				CURRENT_PROJECT_VERSION = 1;
				DEVELOPMENT_TEAM = YM4ZN89U6L;
				GENERATE_INFOPLIST_FILE = YES;
				MARKETING_VERSION = 1.0;
				PRODUCT_BUNDLE_IDENTIFIER = com.stevezxc.websocketUITests;
				PRODUCT_NAME = "$(TARGET_NAME)";
				SWIFT_EMIT_LOC_STRINGS = NO;
				SWIFT_VERSION = 5.0;
				TEST_TARGET_NAME = websocket;
			};
			name = Release;
		};
/* End XCBuildConfiguration section */

/* Begin XCConfigurationList section */
		AA41E05C2DA28E6D000D4D4F /* Build configuration list for PBXProject "websocket" */ = {
			isa = XCConfigurationList;
			buildConfigurations = (
				AA41E0862DA28E6F000D4D4F /* Debug */,
				AA41E0872DA28E6F000D4D4F /* Release */,
			);
			defaultConfigurationIsVisible = 0;
			defaultConfigurationName = Release;
		};
		AA41E0882DA28E6F000D4D4F /* Build configuration list for PBXNativeTarget "websocket" */ = {
			isa = XCConfigurationList;
			buildConfigurations = (
				AA41E0892DA28E6F000D4D4F /* Debug */,
				AA41E08A2DA28E6F000D4D4F /* Release */,
			);
			defaultConfigurationIsVisible = 0;
			defaultConfigurationName = Release;
		};
		AA41E08B2DA28E6F000D4D4F /* Build configuration list for PBXNativeTarget "websocketTests" */ = {
			isa = XCConfigurationList;
			buildConfigurations = (
				AA41E08C2DA28E6F000D4D4F /* Debug */,
				AA41E08D2DA28E6F000D4D4F /* Release */,
			);
			defaultConfigurationIsVisible = 0;
			defaultConfigurationName = Release;
		};
		AA41E08E2DA28E6F000D4D4F /* Build configuration list for PBXNativeTarget "websocketUITests" */ = {
			isa = XCConfigurationList;
			buildConfigurations = (
				AA41E08F2DA28E6F000D4D4F /* Debug */,
				AA41E0902DA28E6F000D4D4F /* Release */,
			);
			defaultConfigurationIsVisible = 0;
			defaultConfigurationName = Release;
		};
/* End XCConfigurationList section */

/* Begin XCRemoteSwiftPackageReference section */
		AA41E0912DA291B8000D4D4F /* XCRemoteSwiftPackageReference "hummingbird" */ = {
			isa = XCRemoteSwiftPackageReference;
			repositoryURL = "https://github.com/hummingbird-project/hummingbird.git";
			requirement = {
				kind = upToNextMajorVersion;
				minimumVersion = 2.11.0;
			};
		};
		AA41E09C2DA291EF000D4D4F /* XCRemoteSwiftPackageReference "hummingbird-websocket" */ = {
			isa = XCRemoteSwiftPackageReference;
			repositoryURL = "https://github.com/hummingbird-project/hummingbird-websocket.git";
			requirement = {
				kind = upToNextMajorVersion;
				minimumVersion = 2.3.0;
			};
		};
/* End XCRemoteSwiftPackageReference section */

/* Begin XCSwiftPackageProductDependency section */
		AA41E0922DA291B8000D4D4F /* Hummingbird */ = {
			isa = XCSwiftPackageProductDependency;
			package = AA41E0912DA291B8000D4D4F /* XCRemoteSwiftPackageReference "hummingbird" */;
			productName = Hummingbird;
		};
		AA41E0942DA291B8000D4D4F /* HummingbirdCore */ = {
			isa = XCSwiftPackageProductDependency;
			package = AA41E0912DA291B8000D4D4F /* XCRemoteSwiftPackageReference "hummingbird" */;
			productName = HummingbirdCore;
		};
		AA41E0962DA291B8000D4D4F /* HummingbirdHTTP2 */ = {
			isa = XCSwiftPackageProductDependency;
			package = AA41E0912DA291B8000D4D4F /* XCRemoteSwiftPackageReference "hummingbird" */;
			productName = HummingbirdHTTP2;
		};
		AA41E0982DA291B8000D4D4F /* HummingbirdRouter */ = {
			isa = XCSwiftPackageProductDependency;
			package = AA41E0912DA291B8000D4D4F /* XCRemoteSwiftPackageReference "hummingbird" */;
			productName = HummingbirdRouter;
		};
		AA41E09A2DA291B8000D4D4F /* HummingbirdTLS */ = {
			isa = XCSwiftPackageProductDependency;
			package = AA41E0912DA291B8000D4D4F /* XCRemoteSwiftPackageReference "hummingbird" */;
			productName = HummingbirdTLS;
		};
		AA41E09D2DA291EF000D4D4F /* HummingbirdWSClient */ = {
			isa = XCSwiftPackageProductDependency;
			package = AA41E09C2DA291EF000D4D4F /* XCRemoteSwiftPackageReference "hummingbird-websocket" */;
			productName = HummingbirdWSClient;
		};
		AA41E09F2DA291EF000D4D4F /* HummingbirdWSCompression */ = {
			isa = XCSwiftPackageProductDependency;
			package = AA41E09C2DA291EF000D4D4F /* XCRemoteSwiftPackageReference "hummingbird-websocket" */;
			productName = HummingbirdWSCompression;
		};
		AA41E0A12DA291EF000D4D4F /* HummingbirdWebSocket */ = {
			isa = XCSwiftPackageProductDependency;
			package = AA41E09C2DA291EF000D4D4F /* XCRemoteSwiftPackageReference "hummingbird-websocket" */;
			productName = HummingbirdWebSocket;
		};
/* End XCSwiftPackageProductDependency section */
	};
	rootObject = AA41E0592DA28E6D000D4D4F /* Project object */;
}
